
Microsoft Visual Studio Solution File, Format Version 12.00
# Visual Studio Version 17
VisualStudioVersion = 17.0.32112.339
MinimumVisualStudioVersion = 10.0.40219.1
Project("{FAE04EC0-301F-11D3-BF4B-00C04F79EFBC}") = "Conversor-KM-Milhas", "Conversor-KM-Milhas\Conversor-KM-Milhas.csproj", "{566035DB-F349-496F-A18F-29793A5BDFF6}"
EndProject
Global
	GlobalSection(SolutionConfigurationPlatforms) = preSolution
		Debug|Any CPU = Debug|Any CPU
		Release|Any CPU = Release|Any CPU
	EndGlobalSection
	GlobalSection(ProjectConfigurationPlatforms) = postSolution
		{566035DB-F349-496F-A18F-29793A5BDFF6}.Debug|Any CPU.ActiveCfg = Debug|Any CPU
		{566035DB-F349-496F-A18F-29793A5BDFF6}.Debug|Any CPU.Build.0 = Debug|Any CPU
		{566035DB-F349-496F-A18F-29793A5BDFF6}.Release|Any CPU.ActiveCfg = Release|Any CPU
		{566035DB-F349-496F-A18F-29793A5BDFF6}.Release|Any CPU.Build.0 = Release|Any CPU
	EndGlobalSection
	GlobalSection(SolutionProperties) = preSolution
		HideSolutionNode = FALSE
	EndGlobalSection
	GlobalSection(ExtensibilityGlobals) = postSolution
		SolutionGuid = {6007155B-A860-4CBA-A017-5E72738A5962}
	EndGlobalSection
EndGlobal
